
Microsoft Visual Studio Solution File, Format Version 12.00
# Visual Studio Version 17
VisualStudioVersion = 17.3.32901.215
MinimumVisualStudioVersion = 10.0.40219.1
Project("{888888A0-9F3D-457C-B088-3A5042F75D52}") = "ProjectConfigurationDB", "ProjectConfigurationDB.pyproj", "{ABF532FE-57C5-4992-9CB4-31504350254E}"
EndProject
Global
	GlobalSection(SolutionConfigurationPlatforms) = preSolution
		Debug|Any CPU = Debug|Any CPU
		Release|Any CPU = Release|Any CPU
	EndGlobalSection
	GlobalSection(ProjectConfigurationPlatforms) = postSolution
		{ABF532FE-57C5-4992-9CB4-31504350254E}.Debug|Any CPU.ActiveCfg = Debug|Any CPU
		{ABF532FE-57C5-4992-9CB4-31504350254E}.Release|Any CPU.ActiveCfg = Release|Any CPU
	EndGlobalSection
	GlobalSection(SolutionProperties) = preSolution
		HideSolutionNode = FALSE
	EndGlobalSection
	GlobalSection(ExtensibilityGlobals) = postSolution
		SolutionGuid = {5983904F-F86A-492A-AA55-09E5DD8C1AA5}
	EndGlobalSection
EndGlobal
